// !$*UTF8*$!
{
	archiveVersion = 1;
	classes = {
	};
	objectVersion = 51;
	objects = {

/* Begin PBXBuildFile section */
		DC1F3096E8BBCF83AFEA7498 /* Pods_InvestmentBuddy.framework in Frameworks */ = {isa = PBXBuildFile; fileRef = 705A177F7481C6CDFFEDB5A1 /* Pods_InvestmentBuddy.framework */; };
		EE0064D22569A932005BF9F0 /* AppDelegate.swift in Sources */ = {isa = PBXBuildFile; fileRef = EE0064D12569A932005BF9F0 /* AppDelegate.swift */; };
		EE0064D42569A932005BF9F0 /* SceneDelegate.swift in Sources */ = {isa = PBXBuildFile; fileRef = EE0064D32569A932005BF9F0 /* SceneDelegate.swift */; };
		EE0064DB2569A934005BF9F0 /* Assets.xcassets in Resources */ = {isa = PBXBuildFile; fileRef = EE0064DA2569A934005BF9F0 /* Assets.xcassets */; };
		EE0064DE2569A934005BF9F0 /* LaunchScreen.storyboard in Resources */ = {isa = PBXBuildFile; fileRef = EE0064DC2569A934005BF9F0 /* LaunchScreen.storyboard */; };
		EE0064E8256A65A3005BF9F0 /* UIViewController+CustomView.swift in Sources */ = {isa = PBXBuildFile; fileRef = EE0064E7256A65A3005BF9F0 /* UIViewController+CustomView.swift */; };
		EE0064EB256A6654005BF9F0 /* RootTabBarController.swift in Sources */ = {isa = PBXBuildFile; fileRef = EE0064EA256A6654005BF9F0 /* RootTabBarController.swift */; };
		EE0064F4256A6807005BF9F0 /* CommunityViewController.swift in Sources */ = {isa = PBXBuildFile; fileRef = EE0064F3256A6807005BF9F0 /* CommunityViewController.swift */; };
		EE0064F6256A6810005BF9F0 /* ExploreViewController.swift in Sources */ = {isa = PBXBuildFile; fileRef = EE0064F5256A6810005BF9F0 /* ExploreViewController.swift */; };
		EE0064F8256A6818005BF9F0 /* HomeViewController.swift in Sources */ = {isa = PBXBuildFile; fileRef = EE0064F7256A6818005BF9F0 /* HomeViewController.swift */; };
		EE0064FA256A6820005BF9F0 /* InsightsViewController.swift in Sources */ = {isa = PBXBuildFile; fileRef = EE0064F9256A6820005BF9F0 /* InsightsViewController.swift */; };
		EE0064FC256A682A005BF9F0 /* PortfolioViewController.swift in Sources */ = {isa = PBXBuildFile; fileRef = EE0064FB256A682A005BF9F0 /* PortfolioViewController.swift */; };
		EED740AA256A766C0063765C /* CommunityView.swift in Sources */ = {isa = PBXBuildFile; fileRef = EED740A9256A766C0063765C /* CommunityView.swift */; };
		EED740AC256A767F0063765C /* ExploreView.swift in Sources */ = {isa = PBXBuildFile; fileRef = EED740AB256A767F0063765C /* ExploreView.swift */; };
		EED740AE256A76880063765C /* HomeView.swift in Sources */ = {isa = PBXBuildFile; fileRef = EED740AD256A76880063765C /* HomeView.swift */; };
		EED740B0256A76940063765C /* InsightView.swift in Sources */ = {isa = PBXBuildFile; fileRef = EED740AF256A76940063765C /* InsightView.swift */; };
		EED740B2256A76A00063765C /* TrendView.swift in Sources */ = {isa = PBXBuildFile; fileRef = EED740B1256A76A00063765C /* TrendView.swift */; };
		EED740B7256AA7720063765C /* ThemesViewController.swift in Sources */ = {isa = PBXBuildFile; fileRef = EED740B6256AA7720063765C /* ThemesViewController.swift */; };
		EED740B9256AA78B0063765C /* ThemesView.swift in Sources */ = {isa = PBXBuildFile; fileRef = EED740B8256AA78B0063765C /* ThemesView.swift */; };
		EED740BB256AA8950063765C /* ThemesCollectionViewCell.swift in Sources */ = {isa = PBXBuildFile; fileRef = EED740BA256AA8950063765C /* ThemesCollectionViewCell.swift */; };
		EED740BD256AE1130063765C /* CategoryViewController.swift in Sources */ = {isa = PBXBuildFile; fileRef = EED740BC256AE1130063765C /* CategoryViewController.swift */; };
		EED740BF256AE11D0063765C /* TrendingViewController.swift in Sources */ = {isa = PBXBuildFile; fileRef = EED740BE256AE11D0063765C /* TrendingViewController.swift */; };
		EED740C2256AE5C10063765C /* ThemesData.json in Resources */ = {isa = PBXBuildFile; fileRef = EED740C1256AE5C10063765C /* ThemesData.json */; };
		EED740CB256AE7110063765C /* ThemesViewModel.swift in Sources */ = {isa = PBXBuildFile; fileRef = EED740CA256AE7110063765C /* ThemesViewModel.swift */; };
		EEF28B57256AF5DD0006663E /* Observer.swift in Sources */ = {isa = PBXBuildFile; fileRef = EEF28B56256AF5DD0006663E /* Observer.swift */; };
/* End PBXBuildFile section */

/* Begin PBXFileReference section */
		5F83823D25050ACEA6A67203 /* Pods-InvestmentBuddy.release.xcconfig */ = {isa = PBXFileReference; includeInIndex = 1; lastKnownFileType = text.xcconfig; name = "Pods-InvestmentBuddy.release.xcconfig"; path = "Target Support Files/Pods-InvestmentBuddy/Pods-InvestmentBuddy.release.xcconfig"; sourceTree = "<group>"; };
		705A177F7481C6CDFFEDB5A1 /* Pods_InvestmentBuddy.framework */ = {isa = PBXFileReference; explicitFileType = wrapper.framework; includeInIndex = 0; path = Pods_InvestmentBuddy.framework; sourceTree = BUILT_PRODUCTS_DIR; };
		9226F3A603FA4CD189F5CF29 /* Pods-InvestmentBuddy.debug.xcconfig */ = {isa = PBXFileReference; includeInIndex = 1; lastKnownFileType = text.xcconfig; name = "Pods-InvestmentBuddy.debug.xcconfig"; path = "Target Support Files/Pods-InvestmentBuddy/Pods-InvestmentBuddy.debug.xcconfig"; sourceTree = "<group>"; };
		EE0064CE2569A932005BF9F0 /* InvestmentBuddy.app */ = {isa = PBXFileReference; explicitFileType = wrapper.application; includeInIndex = 0; path = InvestmentBuddy.app; sourceTree = BUILT_PRODUCTS_DIR; };
		EE0064D12569A932005BF9F0 /* AppDelegate.swift */ = {isa = PBXFileReference; lastKnownFileType = sourcecode.swift; path = AppDelegate.swift; sourceTree = "<group>"; };
		EE0064D32569A932005BF9F0 /* SceneDelegate.swift */ = {isa = PBXFileReference; lastKnownFileType = sourcecode.swift; path = SceneDelegate.swift; sourceTree = "<group>"; };
		EE0064DA2569A934005BF9F0 /* Assets.xcassets */ = {isa = PBXFileReference; lastKnownFileType = folder.assetcatalog; path = Assets.xcassets; sourceTree = "<group>"; };
		EE0064DD2569A934005BF9F0 /* Base */ = {isa = PBXFileReference; lastKnownFileType = file.storyboard; name = Base; path = Base.lproj/LaunchScreen.storyboard; sourceTree = "<group>"; };
		EE0064DF2569A934005BF9F0 /* Info.plist */ = {isa = PBXFileReference; lastKnownFileType = text.plist.xml; path = Info.plist; sourceTree = "<group>"; };
		EE0064E7256A65A3005BF9F0 /* UIViewController+CustomView.swift */ = {isa = PBXFileReference; lastKnownFileType = sourcecode.swift; path = "UIViewController+CustomView.swift"; sourceTree = "<group>"; };
		EE0064EA256A6654005BF9F0 /* RootTabBarController.swift */ = {isa = PBXFileReference; lastKnownFileType = sourcecode.swift; path = RootTabBarController.swift; sourceTree = "<group>"; };
		EE0064F3256A6807005BF9F0 /* CommunityViewController.swift */ = {isa = PBXFileReference; lastKnownFileType = sourcecode.swift; path = CommunityViewController.swift; sourceTree = "<group>"; };
		EE0064F5256A6810005BF9F0 /* ExploreViewController.swift */ = {isa = PBXFileReference; lastKnownFileType = sourcecode.swift; path = ExploreViewController.swift; sourceTree = "<group>"; };
		EE0064F7256A6818005BF9F0 /* HomeViewController.swift */ = {isa = PBXFileReference; lastKnownFileType = sourcecode.swift; path = HomeViewController.swift; sourceTree = "<group>"; };
		EE0064F9256A6820005BF9F0 /* InsightsViewController.swift */ = {isa = PBXFileReference; lastKnownFileType = sourcecode.swift; path = InsightsViewController.swift; sourceTree = "<group>"; };
		EE0064FB256A682A005BF9F0 /* PortfolioViewController.swift */ = {isa = PBXFileReference; lastKnownFileType = sourcecode.swift; path = PortfolioViewController.swift; sourceTree = "<group>"; };
		EED740A9256A766C0063765C /* CommunityView.swift */ = {isa = PBXFileReference; lastKnownFileType = sourcecode.swift; path = CommunityView.swift; sourceTree = "<group>"; };
		EED740AB256A767F0063765C /* ExploreView.swift */ = {isa = PBXFileReference; lastKnownFileType = sourcecode.swift; path = ExploreView.swift; sourceTree = "<group>"; };
		EED740AD256A76880063765C /* HomeView.swift */ = {isa = PBXFileReference; lastKnownFileType = sourcecode.swift; path = HomeView.swift; sourceTree = "<group>"; };
		EED740AF256A76940063765C /* InsightView.swift */ = {isa = PBXFileReference; lastKnownFileType = sourcecode.swift; path = InsightView.swift; sourceTree = "<group>"; };
		EED740B1256A76A00063765C /* TrendView.swift */ = {isa = PBXFileReference; lastKnownFileType = sourcecode.swift; path = TrendView.swift; sourceTree = "<group>"; };
		EED740B6256AA7720063765C /* ThemesViewController.swift */ = {isa = PBXFileReference; lastKnownFileType = sourcecode.swift; path = ThemesViewController.swift; sourceTree = "<group>"; };
		EED740B8256AA78B0063765C /* ThemesView.swift */ = {isa = PBXFileReference; lastKnownFileType = sourcecode.swift; path = ThemesView.swift; sourceTree = "<group>"; };
		EED740BA256AA8950063765C /* ThemesCollectionViewCell.swift */ = {isa = PBXFileReference; lastKnownFileType = sourcecode.swift; path = ThemesCollectionViewCell.swift; sourceTree = "<group>"; };
		EED740BC256AE1130063765C /* CategoryViewController.swift */ = {isa = PBXFileReference; lastKnownFileType = sourcecode.swift; path = CategoryViewController.swift; sourceTree = "<group>"; };
		EED740BE256AE11D0063765C /* TrendingViewController.swift */ = {isa = PBXFileReference; lastKnownFileType = sourcecode.swift; path = TrendingViewController.swift; sourceTree = "<group>"; };
		EED740C1256AE5C10063765C /* ThemesData.json */ = {isa = PBXFileReference; lastKnownFileType = text.json; path = ThemesData.json; sourceTree = "<group>"; };
		EED740CA256AE7110063765C /* ThemesViewModel.swift */ = {isa = PBXFileReference; lastKnownFileType = sourcecode.swift; path = ThemesViewModel.swift; sourceTree = "<group>"; };
		EEF28B56256AF5DD0006663E /* Observer.swift */ = {isa = PBXFileReference; lastKnownFileType = sourcecode.swift; path = Observer.swift; sourceTree = "<group>"; };
/* End PBXFileReference section */

/* Begin PBXFrameworksBuildPhase section */
		EE0064CB2569A932005BF9F0 /* Frameworks */ = {
			isa = PBXFrameworksBuildPhase;
			buildActionMask = 2147483647;
			files = (
				DC1F3096E8BBCF83AFEA7498 /* Pods_InvestmentBuddy.framework in Frameworks */,
			);
			runOnlyForDeploymentPostprocessing = 0;
		};
/* End PBXFrameworksBuildPhase section */

/* Begin PBXGroup section */
		7DAD5155493AB4AA1C699D14 /* Pods */ = {
			isa = PBXGroup;
			children = (
				9226F3A603FA4CD189F5CF29 /* Pods-InvestmentBuddy.debug.xcconfig */,
				5F83823D25050ACEA6A67203 /* Pods-InvestmentBuddy.release.xcconfig */,
			);
			path = Pods;
			sourceTree = "<group>";
		};
		CE29C4000278A853572655EB /* Frameworks */ = {
			isa = PBXGroup;
			children = (
				705A177F7481C6CDFFEDB5A1 /* Pods_InvestmentBuddy.framework */,
			);
			name = Frameworks;
			sourceTree = "<group>";
		};
		EE0064C52569A932005BF9F0 = {
			isa = PBXGroup;
			children = (
				EE0064D02569A932005BF9F0 /* InvestmentBuddy */,
				EE0064CF2569A932005BF9F0 /* Products */,
				7DAD5155493AB4AA1C699D14 /* Pods */,
				CE29C4000278A853572655EB /* Frameworks */,
			);
			sourceTree = "<group>";
		};
		EE0064CF2569A932005BF9F0 /* Products */ = {
			isa = PBXGroup;
			children = (
				EE0064CE2569A932005BF9F0 /* InvestmentBuddy.app */,
			);
			name = Products;
			sourceTree = "<group>";
		};
		EE0064D02569A932005BF9F0 /* InvestmentBuddy */ = {
			isa = PBXGroup;
			children = (
				EED740C3256AE6B00063765C /* View */,
				EED740C4256AE6D10063765C /* ViewModel */,
				EED740C0256AE5720063765C /* Data Source */,
				EE0064E5256A6568005BF9F0 /* Utility */,
				EE0064D12569A932005BF9F0 /* AppDelegate.swift */,
				EE0064D32569A932005BF9F0 /* SceneDelegate.swift */,
				EE0064DA2569A934005BF9F0 /* Assets.xcassets */,
				EE0064DC2569A934005BF9F0 /* LaunchScreen.storyboard */,
				EE0064DF2569A934005BF9F0 /* Info.plist */,
			);
			path = InvestmentBuddy;
			sourceTree = "<group>";
		};
		EE0064E5256A6568005BF9F0 /* Utility */ = {
			isa = PBXGroup;
			children = (
				EEF28B55256AF5C80006663E /* Data Passing */,
				EE0064E6256A6570005BF9F0 /* Extensions */,
			);
			path = Utility;
			sourceTree = "<group>";
		};
		EE0064E6256A6570005BF9F0 /* Extensions */ = {
			isa = PBXGroup;
			children = (
				EE0064E7256A65A3005BF9F0 /* UIViewController+CustomView.swift */,
			);
			path = Extensions;
			sourceTree = "<group>";
		};
		EE0064E9256A6624005BF9F0 /* App Modules */ = {
			isa = PBXGroup;
			children = (
				EE0064EC256A665C005BF9F0 /* Root TabBar */,
				EE0064ED256A670F005BF9F0 /* App Sub Modules */,
			);
			path = "App Modules";
			sourceTree = "<group>";
		};
		EE0064EC256A665C005BF9F0 /* Root TabBar */ = {
			isa = PBXGroup;
			children = (
				EE0064EA256A6654005BF9F0 /* RootTabBarController.swift */,
			);
			path = "Root TabBar";
			sourceTree = "<group>";
		};
		EE0064ED256A670F005BF9F0 /* App Sub Modules */ = {
			isa = PBXGroup;
			children = (
				EE0064F2256A674A005BF9F0 /* Community */,
				EE0064EF256A672A005BF9F0 /* Explore */,
				EE0064EE256A671E005BF9F0 /* Home */,
				EE0064F1256A673A005BF9F0 /* Insights */,
				EE0064F0256A6733005BF9F0 /* Portfolio */,
			);
			path = "App Sub Modules";
			sourceTree = "<group>";
		};
		EE0064EE256A671E005BF9F0 /* Home */ = {
			isa = PBXGroup;
			children = (
				EE0064F7256A6818005BF9F0 /* HomeViewController.swift */,
				EED740AD256A76880063765C /* HomeView.swift */,
			);
			path = Home;
			sourceTree = "<group>";
		};
		EE0064EF256A672A005BF9F0 /* Explore */ = {
			isa = PBXGroup;
			children = (
				EED740B5256A9CA00063765C /* Trending */,
				EED740B4256A9C970063765C /* Themes */,
				EED740B3256A9C8C0063765C /* Category */,
				EE0064F5256A6810005BF9F0 /* ExploreViewController.swift */,
				EED740AB256A767F0063765C /* ExploreView.swift */,
			);
			path = Explore;
			sourceTree = "<group>";
		};
		EE0064F0256A6733005BF9F0 /* Portfolio */ = {
			isa = PBXGroup;
			children = (
				EE0064FB256A682A005BF9F0 /* PortfolioViewController.swift */,
				EED740B1256A76A00063765C /* TrendView.swift */,
			);
			path = Portfolio;
			sourceTree = "<group>";
		};
		EE0064F1256A673A005BF9F0 /* Insights */ = {
			isa = PBXGroup;
			children = (
				EE0064F9256A6820005BF9F0 /* InsightsViewController.swift */,
				EED740AF256A76940063765C /* InsightView.swift */,
			);
			path = Insights;
			sourceTree = "<group>";
		};
		EE0064F2256A674A005BF9F0 /* Community */ = {
			isa = PBXGroup;
			children = (
				EE0064F3256A6807005BF9F0 /* CommunityViewController.swift */,
				EED740A9256A766C0063765C /* CommunityView.swift */,
			);
			path = Community;
			sourceTree = "<group>";
		};
		EED740B3256A9C8C0063765C /* Category */ = {
			isa = PBXGroup;
			children = (
				EED740BC256AE1130063765C /* CategoryViewController.swift */,
			);
			path = Category;
			sourceTree = "<group>";
		};
		EED740B4256A9C970063765C /* Themes */ = {
			isa = PBXGroup;
			children = (
				EED740B6256AA7720063765C /* ThemesViewController.swift */,
				EED740B8256AA78B0063765C /* ThemesView.swift */,
				EED740BA256AA8950063765C /* ThemesCollectionViewCell.swift */,
			);
			path = Themes;
			sourceTree = "<group>";
		};
		EED740B5256A9CA00063765C /* Trending */ = {
			isa = PBXGroup;
			children = (
				EED740BE256AE11D0063765C /* TrendingViewController.swift */,
			);
			path = Trending;
			sourceTree = "<group>";
		};
		EED740C0256AE5720063765C /* Data Source */ = {
			isa = PBXGroup;
			children = (
				EED740C1256AE5C10063765C /* ThemesData.json */,
			);
			path = "Data Source";
			sourceTree = "<group>";
		};
		EED740C3256AE6B00063765C /* View */ = {
			isa = PBXGroup;
			children = (
				EE0064E9256A6624005BF9F0 /* App Modules */,
			);
			path = View;
			sourceTree = "<group>";
		};
		EED740C4256AE6D10063765C /* ViewModel */ = {
			isa = PBXGroup;
			children = (
				EED740C5256AE6E20063765C /* Themes */,
			);
			path = ViewModel;
			sourceTree = "<group>";
		};
		EED740C5256AE6E20063765C /* Themes */ = {
			isa = PBXGroup;
			children = (
				EED740CA256AE7110063765C /* ThemesViewModel.swift */,
			);
			path = Themes;
			sourceTree = "<group>";
		};
		EEF28B55256AF5C80006663E /* Data Passing */ = {
			isa = PBXGroup;
			children = (
				EEF28B56256AF5DD0006663E /* Observer.swift */,
			);
			path = "Data Passing";
			sourceTree = "<group>";
		};
/* End PBXGroup section */

/* Begin PBXNativeTarget section */
		EE0064CD2569A932005BF9F0 /* InvestmentBuddy */ = {
			isa = PBXNativeTarget;
			buildConfigurationList = EE0064E22569A934005BF9F0 /* Build configuration list for PBXNativeTarget "InvestmentBuddy" */;
			buildPhases = (
				BF949D103CC7EADA5753E2F8 /* [CP] Check Pods Manifest.lock */,
				EE0064CA2569A932005BF9F0 /* Sources */,
				EE0064CB2569A932005BF9F0 /* Frameworks */,
				EE0064CC2569A932005BF9F0 /* Resources */,
				597AE3D9DCED57DD8D1E30C9 /* [CP] Embed Pods Frameworks */,
			);
			buildRules = (
			);
			dependencies = (
			);
			name = InvestmentBuddy;
			productName = InvestmentBuddy;
			productReference = EE0064CE2569A932005BF9F0 /* InvestmentBuddy.app */;
			productType = "com.apple.product-type.application";
		};
/* End PBXNativeTarget section */

/* Begin PBXProject section */
		EE0064C62569A932005BF9F0 /* Project object */ = {
			isa = PBXProject;
			attributes = {
				LastSwiftUpdateCheck = 1130;
				LastUpgradeCheck = 1130;
				ORGANIZATIONNAME = Shobhit;
				TargetAttributes = {
					EE0064CD2569A932005BF9F0 = {
						CreatedOnToolsVersion = 11.3;
					};
				};
			};
			buildConfigurationList = EE0064C92569A932005BF9F0 /* Build configuration list for PBXProject "InvestmentBuddy" */;
			compatibilityVersion = "Xcode 9.3";
			developmentRegion = en;
			hasScannedForEncodings = 0;
			knownRegions = (
				en,
				Base,
			);
			mainGroup = EE0064C52569A932005BF9F0;
			productRefGroup = EE0064CF2569A932005BF9F0 /* Products */;
			projectDirPath = "";
			projectRoot = "";
			targets = (
				EE0064CD2569A932005BF9F0 /* InvestmentBuddy */,
			);
		};
/* End PBXProject section */

/* Begin PBXResourcesBuildPhase section */
		EE0064CC2569A932005BF9F0 /* Resources */ = {
			isa = PBXResourcesBuildPhase;
			buildActionMask = 2147483647;
			files = (
				EED740C2256AE5C10063765C /* ThemesData.json in Resources */,
				EE0064DE2569A934005BF9F0 /* LaunchScreen.storyboard in Resources */,
				EE0064DB2569A934005BF9F0 /* Assets.xcassets in Resources */,
			);
			runOnlyForDeploymentPostprocessing = 0;
		};
/* End PBXResourcesBuildPhase section */

/* Begin PBXShellScriptBuildPhase section */
		597AE3D9DCED57DD8D1E30C9 /* [CP] Embed Pods Frameworks */ = {
			isa = PBXShellScriptBuildPhase;
			buildActionMask = 2147483647;
			files = (
			);
			inputFileListPaths = (
				"${PODS_ROOT}/Target Support Files/Pods-InvestmentBuddy/Pods-InvestmentBuddy-frameworks-${CONFIGURATION}-input-files.xcfilelist",
			);
			name = "[CP] Embed Pods Frameworks";
			outputFileListPaths = (
				"${PODS_ROOT}/Target Support Files/Pods-InvestmentBuddy/Pods-InvestmentBuddy-frameworks-${CONFIGURATION}-output-files.xcfilelist",
			);
			runOnlyForDeploymentPostprocessing = 0;
			shellPath = /bin/sh;
			shellScript = "\"${PODS_ROOT}/Target Support Files/Pods-InvestmentBuddy/Pods-InvestmentBuddy-frameworks.sh\"\n";
			showEnvVarsInLog = 0;
		};
		BF949D103CC7EADA5753E2F8 /* [CP] Check Pods Manifest.lock */ = {
			isa = PBXShellScriptBuildPhase;
			buildActionMask = 2147483647;
			files = (
			);
			inputFileListPaths = (
			);
			inputPaths = (
				"${PODS_PODFILE_DIR_PATH}/Podfile.lock",
				"${PODS_ROOT}/Manifest.lock",
			);
			name = "[CP] Check Pods Manifest.lock";
			outputFileListPaths = (
			);
			outputPaths = (
				"$(DERIVED_FILE_DIR)/Pods-InvestmentBuddy-checkManifestLockResult.txt",
			);
			runOnlyForDeploymentPostprocessing = 0;
			shellPath = /bin/sh;
			shellScript = "diff \"${PODS_PODFILE_DIR_PATH}/Podfile.lock\" \"${PODS_ROOT}/Manifest.lock\" > /dev/null\nif [ $? != 0 ] ; then\n    # print error to STDERR\n    echo \"error: The sandbox is not in sync with the Podfile.lock. Run 'pod install' or update your CocoaPods installation.\" >&2\n    exit 1\nfi\n# This output is used by Xcode 'outputs' to avoid re-running this script phase.\necho \"SUCCESS\" > \"${SCRIPT_OUTPUT_FILE_0}\"\n";
			showEnvVarsInLog = 0;
		};
/* End PBXShellScriptBuildPhase section */

/* Begin PBXSourcesBuildPhase section */
		EE0064CA2569A932005BF9F0 /* Sources */ = {
			isa = PBXSourcesBuildPhase;
			buildActionMask = 2147483647;
			files = (
				EED740AC256A767F0063765C /* ExploreView.swift in Sources */,
				EE0064FC256A682A005BF9F0 /* PortfolioViewController.swift in Sources */,
				EE0064EB256A6654005BF9F0 /* RootTabBarController.swift in Sources */,
				EE0064F4256A6807005BF9F0 /* CommunityViewController.swift in Sources */,
				EED740B7256AA7720063765C /* ThemesViewController.swift in Sources */,
				EE0064F8256A6818005BF9F0 /* HomeViewController.swift in Sources */,
				EE0064D22569A932005BF9F0 /* AppDelegate.swift in Sources */,
				EED740BF256AE11D0063765C /* TrendingViewController.swift in Sources */,
				EE0064FA256A6820005BF9F0 /* InsightsViewController.swift in Sources */,
				EE0064E8256A65A3005BF9F0 /* UIViewController+CustomView.swift in Sources */,
				EED740CB256AE7110063765C /* ThemesViewModel.swift in Sources */,
				EE0064F6256A6810005BF9F0 /* ExploreViewController.swift in Sources */,
				EED740AE256A76880063765C /* HomeView.swift in Sources */,
				EED740B0256A76940063765C /* InsightView.swift in Sources */,
				EED740B9256AA78B0063765C /* ThemesView.swift in Sources */,
				EED740AA256A766C0063765C /* CommunityView.swift in Sources */,
				EED740B2256A76A00063765C /* TrendView.swift in Sources */,
				EE0064D42569A932005BF9F0 /* SceneDelegate.swift in Sources */,
				EED740BD256AE1130063765C /* CategoryViewController.swift in Sources */,
				EEF28B57256AF5DD0006663E /* Observer.swift in Sources */,
				EED740BB256AA8950063765C /* ThemesCollectionViewCell.swift in Sources */,
			);
			runOnlyForDeploymentPostprocessing = 0;
		};
/* End PBXSourcesBuildPhase section */

/* Begin PBXVariantGroup section */
		EE0064DC2569A934005BF9F0 /* LaunchScreen.storyboard */ = {
			isa = PBXVariantGroup;
			children = (
				EE0064DD2569A934005BF9F0 /* Base */,
			);
			name = LaunchScreen.storyboard;
			sourceTree = "<group>";
		};
/* End PBXVariantGroup section */

/* Begin XCBuildConfiguration section */
		EE0064E02569A934005BF9F0 /* Debug */ = {
			isa = XCBuildConfiguration;
			buildSettings = {
				ALWAYS_SEARCH_USER_PATHS = NO;
				CLANG_ANALYZER_NONNULL = YES;
				CLANG_ANALYZER_NUMBER_OBJECT_CONVERSION = YES_AGGRESSIVE;
				CLANG_CXX_LANGUAGE_STANDARD = "gnu++14";
				CLANG_CXX_LIBRARY = "libc++";
				CLANG_ENABLE_MODULES = YES;
				CLANG_ENABLE_OBJC_ARC = YES;
				CLANG_ENABLE_OBJC_WEAK = YES;
				CLANG_WARN_BLOCK_CAPTURE_AUTORELEASING = YES;
				CLANG_WARN_BOOL_CONVERSION = YES;
				CLANG_WARN_COMMA = YES;
				CLANG_WARN_CONSTANT_CONVERSION = YES;
				CLANG_WARN_DEPRECATED_OBJC_IMPLEMENTATIONS = YES;
				CLANG_WARN_DIRECT_OBJC_ISA_USAGE = YES_ERROR;
				CLANG_WARN_DOCUMENTATION_COMMENTS = YES;
				CLANG_WARN_EMPTY_BODY = YES;
				CLANG_WARN_ENUM_CONVERSION = YES;
				CLANG_WARN_INFINITE_RECURSION = YES;
				CLANG_WARN_INT_CONVERSION = YES;
				CLANG_WARN_NON_LITERAL_NULL_CONVERSION = YES;
				CLANG_WARN_OBJC_IMPLICIT_RETAIN_SELF = YES;
				CLANG_WARN_OBJC_LITERAL_CONVERSION = YES;
				CLANG_WARN_OBJC_ROOT_CLASS = YES_ERROR;
				CLANG_WARN_RANGE_LOOP_ANALYSIS = YES;
				CLANG_WARN_STRICT_PROTOTYPES = YES;
				CLANG_WARN_SUSPICIOUS_MOVE = YES;
				CLANG_WARN_UNGUARDED_AVAILABILITY = YES_AGGRESSIVE;
				CLANG_WARN_UNREACHABLE_CODE = YES;
				CLANG_WARN__DUPLICATE_METHOD_MATCH = YES;
				COPY_PHASE_STRIP = NO;
				DEBUG_INFORMATION_FORMAT = dwarf;
				ENABLE_STRICT_OBJC_MSGSEND = YES;
				ENABLE_TESTABILITY = YES;
				GCC_C_LANGUAGE_STANDARD = gnu11;
				GCC_DYNAMIC_NO_PIC = NO;
				GCC_NO_COMMON_BLOCKS = YES;
				GCC_OPTIMIZATION_LEVEL = 0;
				GCC_PREPROCESSOR_DEFINITIONS = (
					"DEBUG=1",
					"$(inherited)",
				);
				GCC_WARN_64_TO_32_BIT_CONVERSION = YES;
				GCC_WARN_ABOUT_RETURN_TYPE = YES_ERROR;
				GCC_WARN_UNDECLARED_SELECTOR = YES;
				GCC_WARN_UNINITIALIZED_AUTOS = YES_AGGRESSIVE;
				GCC_WARN_UNUSED_FUNCTION = YES;
				GCC_WARN_UNUSED_VARIABLE = YES;
				IPHONEOS_DEPLOYMENT_TARGET = 13.2;
				MTL_ENABLE_DEBUG_INFO = INCLUDE_SOURCE;
				MTL_FAST_MATH = YES;
				ONLY_ACTIVE_ARCH = YES;
				SDKROOT = iphoneos;
				SWIFT_ACTIVE_COMPILATION_CONDITIONS = DEBUG;
				SWIFT_OPTIMIZATION_LEVEL = "-Onone";
			};
			name = Debug;
		};
		EE0064E12569A934005BF9F0 /* Release */ = {
			isa = XCBuildConfiguration;
			buildSettings = {
				ALWAYS_SEARCH_USER_PATHS = NO;
				CLANG_ANALYZER_NONNULL = YES;
				CLANG_ANALYZER_NUMBER_OBJECT_CONVERSION = YES_AGGRESSIVE;
				CLANG_CXX_LANGUAGE_STANDARD = "gnu++14";
				CLANG_CXX_LIBRARY = "libc++";
				CLANG_ENABLE_MODULES = YES;
				CLANG_ENABLE_OBJC_ARC = YES;
				CLANG_ENABLE_OBJC_WEAK = YES;
				CLANG_WARN_BLOCK_CAPTURE_AUTORELEASING = YES;
				CLANG_WARN_BOOL_CONVERSION = YES;
				CLANG_WARN_COMMA = YES;
				CLANG_WARN_CONSTANT_CONVERSION = YES;
				CLANG_WARN_DEPRECATED_OBJC_IMPLEMENTATIONS = YES;
				CLANG_WARN_DIRECT_OBJC_ISA_USAGE = YES_ERROR;
				CLANG_WARN_DOCUMENTATION_COMMENTS = YES;
				CLANG_WARN_EMPTY_BODY = YES;
				CLANG_WARN_ENUM_CONVERSION = YES;
				CLANG_WARN_INFINITE_RECURSION = YES;
				CLANG_WARN_INT_CONVERSION = YES;
				CLANG_WARN_NON_LITERAL_NULL_CONVERSION = YES;
				CLANG_WARN_OBJC_IMPLICIT_RETAIN_SELF = YES;
				CLANG_WARN_OBJC_LITERAL_CONVERSION = YES;
				CLANG_WARN_OBJC_ROOT_CLASS = YES_ERROR;
				CLANG_WARN_RANGE_LOOP_ANALYSIS = YES;
				CLANG_WARN_STRICT_PROTOTYPES = YES;
				CLANG_WARN_SUSPICIOUS_MOVE = YES;
				CLANG_WARN_UNGUARDED_AVAILABILITY = YES_AGGRESSIVE;
				CLANG_WARN_UNREACHABLE_CODE = YES;
				CLANG_WARN__DUPLICATE_METHOD_MATCH = YES;
				COPY_PHASE_STRIP = NO;
				DEBUG_INFORMATION_FORMAT = "dwarf-with-dsym";
				ENABLE_NS_ASSERTIONS = NO;
				ENABLE_STRICT_OBJC_MSGSEND = YES;
				GCC_C_LANGUAGE_STANDARD = gnu11;
				GCC_NO_COMMON_BLOCKS = YES;
				GCC_WARN_64_TO_32_BIT_CONVERSION = YES;
				GCC_WARN_ABOUT_RETURN_TYPE = YES_ERROR;
				GCC_WARN_UNDECLARED_SELECTOR = YES;
				GCC_WARN_UNINITIALIZED_AUTOS = YES_AGGRESSIVE;
				GCC_WARN_UNUSED_FUNCTION = YES;
				GCC_WARN_UNUSED_VARIABLE = YES;
				IPHONEOS_DEPLOYMENT_TARGET = 13.2;
				MTL_ENABLE_DEBUG_INFO = NO;
				MTL_FAST_MATH = YES;
				SDKROOT = iphoneos;
				SWIFT_COMPILATION_MODE = wholemodule;
				SWIFT_OPTIMIZATION_LEVEL = "-O";
				VALIDATE_PRODUCT = YES;
			};
			name = Release;
		};
		EE0064E32569A934005BF9F0 /* Debug */ = {
			isa = XCBuildConfiguration;
			baseConfigurationReference = 9226F3A603FA4CD189F5CF29 /* Pods-InvestmentBuddy.debug.xcconfig */;
			buildSettings = {
				ASSETCATALOG_COMPILER_APPICON_NAME = AppIcon;
				CODE_SIGN_STYLE = Automatic;
				DEVELOPMENT_TEAM = V737R9TSYP;
				INFOPLIST_FILE = InvestmentBuddy/Info.plist;
				LD_RUNPATH_SEARCH_PATHS = (
					"$(inherited)",
					"@executable_path/Frameworks",
				);
				PRODUCT_BUNDLE_IDENTIFIER = com.shobhit.assignment.InvestmentBuddy;
				PRODUCT_NAME = "$(TARGET_NAME)";
				SWIFT_VERSION = 5.0;
				TARGETED_DEVICE_FAMILY = "1,2";
			};
			name = Debug;
		};
		EE0064E42569A934005BF9F0 /* Release */ = {
			isa = XCBuildConfiguration;
			baseConfigurationReference = 5F83823D25050ACEA6A67203 /* Pods-InvestmentBuddy.release.xcconfig */;
			buildSettings = {
				ASSETCATALOG_COMPILER_APPICON_NAME = AppIcon;
				CODE_SIGN_STYLE = Automatic;
				DEVELOPMENT_TEAM = V737R9TSYP;
				INFOPLIST_FILE = InvestmentBuddy/Info.plist;
				LD_RUNPATH_SEARCH_PATHS = (
					"$(inherited)",
					"@executable_path/Frameworks",
				);
				PRODUCT_BUNDLE_IDENTIFIER = com.shobhit.assignment.InvestmentBuddy;
				PRODUCT_NAME = "$(TARGET_NAME)";
				SWIFT_VERSION = 5.0;
				TARGETED_DEVICE_FAMILY = "1,2";
			};
			name = Release;
		};
/* End XCBuildConfiguration section */

/* Begin XCConfigurationList section */
		EE0064C92569A932005BF9F0 /* Build configuration list for PBXProject "InvestmentBuddy" */ = {
			isa = XCConfigurationList;
			buildConfigurations = (
				EE0064E02569A934005BF9F0 /* Debug */,
				EE0064E12569A934005BF9F0 /* Release */,
			);
			defaultConfigurationIsVisible = 0;
			defaultConfigurationName = Release;
		};
		EE0064E22569A934005BF9F0 /* Build configuration list for PBXNativeTarget "InvestmentBuddy" */ = {
			isa = XCConfigurationList;
			buildConfigurations = (
				EE0064E32569A934005BF9F0 /* Debug */,
				EE0064E42569A934005BF9F0 /* Release */,
			);
			defaultConfigurationIsVisible = 0;
			defaultConfigurationName = Release;
		};
/* End XCConfigurationList section */
	};
	rootObject = EE0064C62569A932005BF9F0 /* Project object */;
}
